
Microsoft Visual Studio Solution File, Format Version 12.00
# Visual Studio Version 17
VisualStudioVersion = 17.10.35004.147
MinimumVisualStudioVersion = 10.0.40219.1
Project("{FAE04EC0-301F-11D3-BF4B-00C04F79EFBC}") = "ApostilaFront", "ApostilaFront.csproj", "{1CEF7453-3840-4E02-A661-273724454880}"
EndProject
Global
	GlobalSection(SolutionConfigurationPlatforms) = preSolution
		Debug|Any CPU = Debug|Any CPU
		Release|Any CPU = Release|Any CPU
	EndGlobalSection
	GlobalSection(ProjectConfigurationPlatforms) = postSolution
		{1CEF7453-3840-4E02-A661-273724454880}.Debug|Any CPU.ActiveCfg = Debug|Any CPU
		{1CEF7453-3840-4E02-A661-273724454880}.Debug|Any CPU.Build.0 = Debug|Any CPU
		{1CEF7453-3840-4E02-A661-273724454880}.Release|Any CPU.ActiveCfg = Release|Any CPU
		{1CEF7453-3840-4E02-A661-273724454880}.Release|Any CPU.Build.0 = Release|Any CPU
	EndGlobalSection
	GlobalSection(SolutionProperties) = preSolution
		HideSolutionNode = FALSE
	EndGlobalSection
	GlobalSection(ExtensibilityGlobals) = postSolution
		SolutionGuid = {8EB32CCC-41A3-49B8-B786-D07DDB9D31D9}
	EndGlobalSection
EndGlobal
